
Microsoft Visual Studio Solution File, Format Version 12.00
# Visual Studio Version 17
VisualStudioVersion = 17.6.33712.159
MinimumVisualStudioVersion = 10.0.40219.1
Project("{FAE04EC0-301F-11D3-BF4B-00C04F79EFBC}") = "PostgreSqlAsp", "PostgreSqlAsp.csproj", "{FC8F4457-AF02-4897-908C-A83350203497}"
EndProject
Global
	GlobalSection(SolutionConfigurationPlatforms) = preSolution
		Debug|Any CPU = Debug|Any CPU
		Release|Any CPU = Release|Any CPU
	EndGlobalSection
	GlobalSection(ProjectConfigurationPlatforms) = postSolution
		{FC8F4457-AF02-4897-908C-A83350203497}.Debug|Any CPU.ActiveCfg = Debug|Any CPU
		{FC8F4457-AF02-4897-908C-A83350203497}.Debug|Any CPU.Build.0 = Debug|Any CPU
		{FC8F4457-AF02-4897-908C-A83350203497}.Release|Any CPU.ActiveCfg = Release|Any CPU
		{FC8F4457-AF02-4897-908C-A83350203497}.Release|Any CPU.Build.0 = Release|Any CPU
	EndGlobalSection
	GlobalSection(SolutionProperties) = preSolution
		HideSolutionNode = FALSE
	EndGlobalSection
	GlobalSection(ExtensibilityGlobals) = postSolution
		SolutionGuid = {B6736221-A96F-4BC1-9D61-F84B9FAD6204}
	EndGlobalSection
EndGlobal
